
Microsoft Visual Studio Solution File, Format Version 12.00
# Visual Studio Version 17
VisualStudioVersion = 17.5.2.0
MinimumVisualStudioVersion = 10.0.40219.1
Project("{FAE04EC0-301F-11D3-BF4B-00C04F79EFBC}") = "HospitalAiChatbot", "HospitalAiChatBot\HospitalAiChatbot.csproj", "{E34100E1-C7AE-4970-8EE2-FF244BB6D849}"
EndProject
Project("{FAE04EC0-301F-11D3-BF4B-00C04F79EFBC}") = "HospitalAiChatbot.Tests", "HospitalAiChatbot.Tests\HospitalAiChatbot.Tests.csproj", "{246F7069-AE21-44B1-B0C1-C1EB6152A029}"
EndProject
Project("{FAE04EC0-301F-11D3-BF4B-00C04F79EFBC}") = "TgBot", "TgBot\TgBot.csproj", "{7DB272AF-3C71-4A9A-B54F-CDFAEA0C591D}"
EndProject
Global
	GlobalSection(SolutionConfigurationPlatforms) = preSolution
		Debug|Any CPU = Debug|Any CPU
		Debug|x64 = Debug|x64
		Debug|x86 = Debug|x86
		Release|Any CPU = Release|Any CPU
		Release|x64 = Release|x64
		Release|x86 = Release|x86
	EndGlobalSection
	GlobalSection(ProjectConfigurationPlatforms) = postSolution
		{E34100E1-C7AE-4970-8EE2-FF244BB6D849}.Debug|Any CPU.ActiveCfg = Debug|Any CPU
		{E34100E1-C7AE-4970-8EE2-FF244BB6D849}.Debug|Any CPU.Build.0 = Debug|Any CPU
		{E34100E1-C7AE-4970-8EE2-FF244BB6D849}.Debug|x64.ActiveCfg = Debug|Any CPU
		{E34100E1-C7AE-4970-8EE2-FF244BB6D849}.Debug|x64.Build.0 = Debug|Any CPU
		{E34100E1-C7AE-4970-8EE2-FF244BB6D849}.Debug|x86.ActiveCfg = Debug|Any CPU
		{E34100E1-C7AE-4970-8EE2-FF244BB6D849}.Debug|x86.Build.0 = Debug|Any CPU
		{E34100E1-C7AE-4970-8EE2-FF244BB6D849}.Release|Any CPU.ActiveCfg = Release|Any CPU
		{E34100E1-C7AE-4970-8EE2-FF244BB6D849}.Release|Any CPU.Build.0 = Release|Any CPU
		{E34100E1-C7AE-4970-8EE2-FF244BB6D849}.Release|x64.ActiveCfg = Release|Any CPU
		{E34100E1-C7AE-4970-8EE2-FF244BB6D849}.Release|x64.Build.0 = Release|Any CPU
		{E34100E1-C7AE-4970-8EE2-FF244BB6D849}.Release|x86.ActiveCfg = Release|Any CPU
		{E34100E1-C7AE-4970-8EE2-FF244BB6D849}.Release|x86.Build.0 = Release|Any CPU
		{246F7069-AE21-44B1-B0C1-C1EB6152A029}.Debug|Any CPU.ActiveCfg = Debug|Any CPU
		{246F7069-AE21-44B1-B0C1-C1EB6152A029}.Debug|Any CPU.Build.0 = Debug|Any CPU
		{246F7069-AE21-44B1-B0C1-C1EB6152A029}.Debug|x64.ActiveCfg = Debug|Any CPU
		{246F7069-AE21-44B1-B0C1-C1EB6152A029}.Debug|x64.Build.0 = Debug|Any CPU
		{246F7069-AE21-44B1-B0C1-C1EB6152A029}.Debug|x86.ActiveCfg = Debug|Any CPU
		{246F7069-AE21-44B1-B0C1-C1EB6152A029}.Debug|x86.Build.0 = Debug|Any CPU
		{246F7069-AE21-44B1-B0C1-C1EB6152A029}.Release|Any CPU.ActiveCfg = Release|Any CPU
		{246F7069-AE21-44B1-B0C1-C1EB6152A029}.Release|Any CPU.Build.0 = Release|Any CPU
		{246F7069-AE21-44B1-B0C1-C1EB6152A029}.Release|x64.ActiveCfg = Release|Any CPU
		{246F7069-AE21-44B1-B0C1-C1EB6152A029}.Release|x64.Build.0 = Release|Any CPU
		{246F7069-AE21-44B1-B0C1-C1EB6152A029}.Release|x86.ActiveCfg = Release|Any CPU
		{246F7069-AE21-44B1-B0C1-C1EB6152A029}.Release|x86.Build.0 = Release|Any CPU
		{7DB272AF-3C71-4A9A-B54F-CDFAEA0C591D}.Debug|Any CPU.ActiveCfg = Debug|Any CPU
		{7DB272AF-3C71-4A9A-B54F-CDFAEA0C591D}.Debug|Any CPU.Build.0 = Debug|Any CPU
		{7DB272AF-3C71-4A9A-B54F-CDFAEA0C591D}.Debug|x64.ActiveCfg = Debug|Any CPU
		{7DB272AF-3C71-4A9A-B54F-CDFAEA0C591D}.Debug|x64.Build.0 = Debug|Any CPU
		{7DB272AF-3C71-4A9A-B54F-CDFAEA0C591D}.Debug|x86.ActiveCfg = Debug|Any CPU
		{7DB272AF-3C71-4A9A-B54F-CDFAEA0C591D}.Debug|x86.Build.0 = Debug|Any CPU
		{7DB272AF-3C71-4A9A-B54F-CDFAEA0C591D}.Release|Any CPU.ActiveCfg = Release|Any CPU
		{7DB272AF-3C71-4A9A-B54F-CDFAEA0C591D}.Release|Any CPU.Build.0 = Release|Any CPU
		{7DB272AF-3C71-4A9A-B54F-CDFAEA0C591D}.Release|x64.ActiveCfg = Release|Any CPU
		{7DB272AF-3C71-4A9A-B54F-CDFAEA0C591D}.Release|x64.Build.0 = Release|Any CPU
		{7DB272AF-3C71-4A9A-B54F-CDFAEA0C591D}.Release|x86.ActiveCfg = Release|Any CPU
		{7DB272AF-3C71-4A9A-B54F-CDFAEA0C591D}.Release|x86.Build.0 = Release|Any CPU
	EndGlobalSection
	GlobalSection(SolutionProperties) = preSolution
		HideSolutionNode = FALSE
	EndGlobalSection
	GlobalSection(ExtensibilityGlobals) = postSolution
		SolutionGuid = {39D3CC71-A39A-4789-BAD7-A670F048C652}
	EndGlobalSection
EndGlobal
