
Microsoft Visual Studio Solution File, Format Version 12.00
# Visual Studio Version 17
VisualStudioVersion = 17.5.2.0
MinimumVisualStudioVersion = 10.0.40219.1
Project("{FAE04EC0-301F-11D3-BF4B-00C04F79EFBC}") = "TelegramBot", "TelegramBot\TelegramBot.csproj", "{7DB272AF-3C71-4A9A-B54F-CDFAEA0C591D}"
EndProject
Project("{FAE04EC0-301F-11D3-BF4B-00C04F79EFBC}") = "HospitalAiChatBot", "HospitalAiChatBot\HospitalAiChatBot.csproj", "{26D3C605-088B-4190-9AC6-2F45A8D03F41}"
EndProject
Project("{FAE04EC0-301F-11D3-BF4B-00C04F79EFBC}") = "HospitalAiChatBot.Tests", "HospitalAiChatBot.Tests\HospitalAiChatBot.Tests.csproj", "{EB09D638-41B5-4679-ABB4-B34ADC42E90D}"
EndProject
Global
	GlobalSection(SolutionConfigurationPlatforms) = preSolution
		Debug|Any CPU = Debug|Any CPU
		Debug|x64 = Debug|x64
		Debug|x86 = Debug|x86
		Release|Any CPU = Release|Any CPU
		Release|x64 = Release|x64
		Release|x86 = Release|x86
	EndGlobalSection
	GlobalSection(ProjectConfigurationPlatforms) = postSolution
		{7DB272AF-3C71-4A9A-B54F-CDFAEA0C591D}.Debug|Any CPU.ActiveCfg = Debug|Any CPU
		{7DB272AF-3C71-4A9A-B54F-CDFAEA0C591D}.Debug|Any CPU.Build.0 = Debug|Any CPU
		{7DB272AF-3C71-4A9A-B54F-CDFAEA0C591D}.Debug|x64.ActiveCfg = Debug|Any CPU
		{7DB272AF-3C71-4A9A-B54F-CDFAEA0C591D}.Debug|x64.Build.0 = Debug|Any CPU
		{7DB272AF-3C71-4A9A-B54F-CDFAEA0C591D}.Debug|x86.ActiveCfg = Debug|Any CPU
		{7DB272AF-3C71-4A9A-B54F-CDFAEA0C591D}.Debug|x86.Build.0 = Debug|Any CPU
		{7DB272AF-3C71-4A9A-B54F-CDFAEA0C591D}.Release|Any CPU.ActiveCfg = Release|Any CPU
		{7DB272AF-3C71-4A9A-B54F-CDFAEA0C591D}.Release|Any CPU.Build.0 = Release|Any CPU
		{7DB272AF-3C71-4A9A-B54F-CDFAEA0C591D}.Release|x64.ActiveCfg = Release|Any CPU
		{7DB272AF-3C71-4A9A-B54F-CDFAEA0C591D}.Release|x64.Build.0 = Release|Any CPU
		{7DB272AF-3C71-4A9A-B54F-CDFAEA0C591D}.Release|x86.ActiveCfg = Release|Any CPU
		{7DB272AF-3C71-4A9A-B54F-CDFAEA0C591D}.Release|x86.Build.0 = Release|Any CPU
		{26D3C605-088B-4190-9AC6-2F45A8D03F41}.Debug|Any CPU.ActiveCfg = Debug|Any CPU
		{26D3C605-088B-4190-9AC6-2F45A8D03F41}.Debug|Any CPU.Build.0 = Debug|Any CPU
		{26D3C605-088B-4190-9AC6-2F45A8D03F41}.Debug|x64.ActiveCfg = Debug|Any CPU
		{26D3C605-088B-4190-9AC6-2F45A8D03F41}.Debug|x64.Build.0 = Debug|Any CPU
		{26D3C605-088B-4190-9AC6-2F45A8D03F41}.Debug|x86.ActiveCfg = Debug|Any CPU
		{26D3C605-088B-4190-9AC6-2F45A8D03F41}.Debug|x86.Build.0 = Debug|Any CPU
		{26D3C605-088B-4190-9AC6-2F45A8D03F41}.Release|Any CPU.ActiveCfg = Release|Any CPU
		{26D3C605-088B-4190-9AC6-2F45A8D03F41}.Release|Any CPU.Build.0 = Release|Any CPU
		{26D3C605-088B-4190-9AC6-2F45A8D03F41}.Release|x64.ActiveCfg = Release|Any CPU
		{26D3C605-088B-4190-9AC6-2F45A8D03F41}.Release|x64.Build.0 = Release|Any CPU
		{26D3C605-088B-4190-9AC6-2F45A8D03F41}.Release|x86.ActiveCfg = Release|Any CPU
		{26D3C605-088B-4190-9AC6-2F45A8D03F41}.Release|x86.Build.0 = Release|Any CPU
		{EB09D638-41B5-4679-ABB4-B34ADC42E90D}.Debug|Any CPU.ActiveCfg = Debug|Any CPU
		{EB09D638-41B5-4679-ABB4-B34ADC42E90D}.Debug|Any CPU.Build.0 = Debug|Any CPU
		{EB09D638-41B5-4679-ABB4-B34ADC42E90D}.Debug|x64.ActiveCfg = Debug|Any CPU
		{EB09D638-41B5-4679-ABB4-B34ADC42E90D}.Debug|x64.Build.0 = Debug|Any CPU
		{EB09D638-41B5-4679-ABB4-B34ADC42E90D}.Debug|x86.ActiveCfg = Debug|Any CPU
		{EB09D638-41B5-4679-ABB4-B34ADC42E90D}.Debug|x86.Build.0 = Debug|Any CPU
		{EB09D638-41B5-4679-ABB4-B34ADC42E90D}.Release|Any CPU.ActiveCfg = Release|Any CPU
		{EB09D638-41B5-4679-ABB4-B34ADC42E90D}.Release|Any CPU.Build.0 = Release|Any CPU
		{EB09D638-41B5-4679-ABB4-B34ADC42E90D}.Release|x64.ActiveCfg = Release|Any CPU
		{EB09D638-41B5-4679-ABB4-B34ADC42E90D}.Release|x64.Build.0 = Release|Any CPU
		{EB09D638-41B5-4679-ABB4-B34ADC42E90D}.Release|x86.ActiveCfg = Release|Any CPU
		{EB09D638-41B5-4679-ABB4-B34ADC42E90D}.Release|x86.Build.0 = Release|Any CPU
	EndGlobalSection
	GlobalSection(SolutionProperties) = preSolution
		HideSolutionNode = FALSE
	EndGlobalSection
	GlobalSection(ExtensibilityGlobals) = postSolution
		SolutionGuid = {39D3CC71-A39A-4789-BAD7-A670F048C652}
	EndGlobalSection
EndGlobal
